<Solution>
  <Folder Name="/src/" />
  <Folder Name="/src/API/" />
  <Folder Name="/src/Core/">
    <Project Path="DentalHealthCenter.Core.Domain/DentalHealthCenter.Core.Domain.csproj" />
  </Folder>
  <Folder Name="/src/Infrastructure/" />
  <Folder Name="/src/Tests/">
    <Project Path="DentalHealthCenter.Tests/DentalHealthCenter.Tests.csproj" Id="33ecedbb-453c-44ae-83c5-3fb2f3e9b74f" />
  </Folder>
</Solution>
